// !$*UTF8*$!
{
	archiveVersion = 1;
	classes = {
	};
	objectVersion = 46;
	objects = {

/* Begin PBXBuildFile section */
		5415116719C9ADDB005A6B46 /* Foundation.framework in Frameworks */ = {isa = PBXBuildFile; fileRef = 5415116619C9ADDB005A6B46 /* Foundation.framework */; };
		5415116C19C9ADDB005A6B46 /* ForerunnerDB.h in CopyFiles */ = {isa = PBXBuildFile; fileRef = 5415116B19C9ADDB005A6B46 /* ForerunnerDB.h */; };
		5415116E19C9ADDB005A6B46 /* ForerunnerDB.m in Sources */ = {isa = PBXBuildFile; fileRef = 5415116D19C9ADDB005A6B46 /* ForerunnerDB.m */; };
		5415117519C9ADDB005A6B46 /* XCTest.framework in Frameworks */ = {isa = PBXBuildFile; fileRef = 5415117419C9ADDB005A6B46 /* XCTest.framework */; };
		5415117619C9ADDB005A6B46 /* Foundation.framework in Frameworks */ = {isa = PBXBuildFile; fileRef = 5415116619C9ADDB005A6B46 /* Foundation.framework */; };
		5415117819C9ADDB005A6B46 /* UIKit.framework in Frameworks */ = {isa = PBXBuildFile; fileRef = 5415117719C9ADDB005A6B46 /* UIKit.framework */; };
		5415117B19C9ADDB005A6B46 /* libForerunnerDB.a in Frameworks */ = {isa = PBXBuildFile; fileRef = 5415116319C9ADDB005A6B46 /* libForerunnerDB.a */; };
		5415118119C9ADDB005A6B46 /* InfoPlist.strings in Resources */ = {isa = PBXBuildFile; fileRef = 5415117F19C9ADDB005A6B46 /* InfoPlist.strings */; };
		5415118319C9ADDB005A6B46 /* ForerunnerDBTests.m in Sources */ = {isa = PBXBuildFile; fileRef = 5415118219C9ADDB005A6B46 /* ForerunnerDBTests.m */; };
		5461F2E719C9AE410049D73E /* ForerunnerDB_Collection.m in Sources */ = {isa = PBXBuildFile; fileRef = 5461F2E419C9AE410049D73E /* ForerunnerDB_Collection.m */; };
		5461F2E819C9AE410049D73E /* ForerunnerDB_Index.m in Sources */ = {isa = PBXBuildFile; fileRef = 5461F2E619C9AE410049D73E /* ForerunnerDB_Index.m */; };
		5461F2F119C9AE570049D73E /* BaseConversion.m in Sources */ = {isa = PBXBuildFile; fileRef = 5461F2EA19C9AE570049D73E /* BaseConversion.m */; };
		5461F2F219C9AE570049D73E /* EventEmitter.m in Sources */ = {isa = PBXBuildFile; fileRef = 5461F2EC19C9AE570049D73E /* EventEmitter.m */; };
		5461F2F319C9AE570049D73E /* NSObject+NSObject_Type.m in Sources */ = {isa = PBXBuildFile; fileRef = 5461F2EE19C9AE570049D73E /* NSObject+NSObject_Type.m */; };
		5461F2F419C9AE570049D73E /* ObjectId.m in Sources */ = {isa = PBXBuildFile; fileRef = 5461F2F019C9AE570049D73E /* ObjectId.m */; };
/* End PBXBuildFile section */

/* Begin PBXContainerItemProxy section */
		5415117919C9ADDB005A6B46 /* PBXContainerItemProxy */ = {
			isa = PBXContainerItemProxy;
			containerPortal = 5415115B19C9ADDB005A6B46 /* Project object */;
			proxyType = 1;
			remoteGlobalIDString = 5415116219C9ADDB005A6B46;
			remoteInfo = ForerunnerDB;
		};
/* End PBXContainerItemProxy section */

/* Begin PBXCopyFilesBuildPhase section */
		5415116119C9ADDB005A6B46 /* CopyFiles */ = {
			isa = PBXCopyFilesBuildPhase;
			buildActionMask = 2147483647;
			dstPath = "include/$(PRODUCT_NAME)";
			dstSubfolderSpec = 16;
			files = (
				5415116C19C9ADDB005A6B46 /* ForerunnerDB.h in CopyFiles */,
			);
			runOnlyForDeploymentPostprocessing = 0;
		};
/* End PBXCopyFilesBuildPhase section */

/* Begin PBXFileReference section */
		5415116319C9ADDB005A6B46 /* libForerunnerDB.a */ = {isa = PBXFileReference; explicitFileType = archive.ar; includeInIndex = 0; path = libForerunnerDB.a; sourceTree = BUILT_PRODUCTS_DIR; };
		5415116619C9ADDB005A6B46 /* Foundation.framework */ = {isa = PBXFileReference; lastKnownFileType = wrapper.framework; name = Foundation.framework; path = System/Library/Frameworks/Foundation.framework; sourceTree = SDKROOT; };
		5415116A19C9ADDB005A6B46 /* ForerunnerDB-Prefix.pch */ = {isa = PBXFileReference; lastKnownFileType = sourcecode.c.h; path = "ForerunnerDB-Prefix.pch"; sourceTree = "<group>"; };
		5415116B19C9ADDB005A6B46 /* ForerunnerDB.h */ = {isa = PBXFileReference; lastKnownFileType = sourcecode.c.h; path = ForerunnerDB.h; sourceTree = "<group>"; };
		5415116D19C9ADDB005A6B46 /* ForerunnerDB.m */ = {isa = PBXFileReference; lastKnownFileType = sourcecode.c.objc; path = ForerunnerDB.m; sourceTree = "<group>"; };
		5415117319C9ADDB005A6B46 /* ForerunnerDBTests.xctest */ = {isa = PBXFileReference; explicitFileType = wrapper.cfbundle; includeInIndex = 0; path = ForerunnerDBTests.xctest; sourceTree = BUILT_PRODUCTS_DIR; };
		5415117419C9ADDB005A6B46 /* XCTest.framework */ = {isa = PBXFileReference; lastKnownFileType = wrapper.framework; name = XCTest.framework; path = Library/Frameworks/XCTest.framework; sourceTree = DEVELOPER_DIR; };
		5415117719C9ADDB005A6B46 /* UIKit.framework */ = {isa = PBXFileReference; lastKnownFileType = wrapper.framework; name = UIKit.framework; path = Library/Frameworks/UIKit.framework; sourceTree = DEVELOPER_DIR; };
		5415117E19C9ADDB005A6B46 /* ForerunnerDBTests-Info.plist */ = {isa = PBXFileReference; lastKnownFileType = text.plist.xml; path = "ForerunnerDBTests-Info.plist"; sourceTree = "<group>"; };
		5415118019C9ADDB005A6B46 /* en */ = {isa = PBXFileReference; lastKnownFileType = text.plist.strings; name = en; path = en.lproj/InfoPlist.strings; sourceTree = "<group>"; };
		5415118219C9ADDB005A6B46 /* ForerunnerDBTests.m */ = {isa = PBXFileReference; lastKnownFileType = sourcecode.c.objc; path = ForerunnerDBTests.m; sourceTree = "<group>"; };
		5461F2E319C9AE410049D73E /* ForerunnerDB_Collection.h */ = {isa = PBXFileReference; fileEncoding = 4; lastKnownFileType = sourcecode.c.h; path = ForerunnerDB_Collection.h; sourceTree = "<group>"; };
		5461F2E419C9AE410049D73E /* ForerunnerDB_Collection.m */ = {isa = PBXFileReference; fileEncoding = 4; lastKnownFileType = sourcecode.c.objc; path = ForerunnerDB_Collection.m; sourceTree = "<group>"; };
		5461F2E519C9AE410049D73E /* ForerunnerDB_Index.h */ = {isa = PBXFileReference; fileEncoding = 4; lastKnownFileType = sourcecode.c.h; path = ForerunnerDB_Index.h; sourceTree = "<group>"; };
		5461F2E619C9AE410049D73E /* ForerunnerDB_Index.m */ = {isa = PBXFileReference; fileEncoding = 4; lastKnownFileType = sourcecode.c.objc; path = ForerunnerDB_Index.m; sourceTree = "<group>"; };
		5461F2E919C9AE570049D73E /* BaseConversion.h */ = {isa = PBXFileReference; fileEncoding = 4; lastKnownFileType = sourcecode.c.h; path = BaseConversion.h; sourceTree = "<group>"; };
		5461F2EA19C9AE570049D73E /* BaseConversion.m */ = {isa = PBXFileReference; fileEncoding = 4; lastKnownFileType = sourcecode.c.objc; path = BaseConversion.m; sourceTree = "<group>"; };
		5461F2EB19C9AE570049D73E /* EventEmitter.h */ = {isa = PBXFileReference; fileEncoding = 4; lastKnownFileType = sourcecode.c.h; path = EventEmitter.h; sourceTree = "<group>"; };
		5461F2EC19C9AE570049D73E /* EventEmitter.m */ = {isa = PBXFileReference; fileEncoding = 4; lastKnownFileType = sourcecode.c.objc; path = EventEmitter.m; sourceTree = "<group>"; };
		5461F2ED19C9AE570049D73E /* NSObject+NSObject_Type.h */ = {isa = PBXFileReference; fileEncoding = 4; lastKnownFileType = sourcecode.c.h; path = "NSObject+NSObject_Type.h"; sourceTree = "<group>"; };
		5461F2EE19C9AE570049D73E /* NSObject+NSObject_Type.m */ = {isa = PBXFileReference; fileEncoding = 4; lastKnownFileType = sourcecode.c.objc; path = "NSObject+NSObject_Type.m"; sourceTree = "<group>"; };
		5461F2EF19C9AE570049D73E /* ObjectId.h */ = {isa = PBXFileReference; fileEncoding = 4; lastKnownFileType = sourcecode.c.h; path = ObjectId.h; sourceTree = "<group>"; };
		5461F2F019C9AE570049D73E /* ObjectId.m */ = {isa = PBXFileReference; fileEncoding = 4; lastKnownFileType = sourcecode.c.objc; path = ObjectId.m; sourceTree = "<group>"; };
/* End PBXFileReference section */

/* Begin PBXFrameworksBuildPhase section */
		5415116019C9ADDB005A6B46 /* Frameworks */ = {
			isa = PBXFrameworksBuildPhase;
			buildActionMask = 2147483647;
			files = (
				5415116719C9ADDB005A6B46 /* Foundation.framework in Frameworks */,
			);
			runOnlyForDeploymentPostprocessing = 0;
		};
		5415117019C9ADDB005A6B46 /* Frameworks */ = {
			isa = PBXFrameworksBuildPhase;
			buildActionMask = 2147483647;
			files = (
				5415117519C9ADDB005A6B46 /* XCTest.framework in Frameworks */,
				5415117819C9ADDB005A6B46 /* UIKit.framework in Frameworks */,
				5415117619C9ADDB005A6B46 /* Foundation.framework in Frameworks */,
				5415117B19C9ADDB005A6B46 /* libForerunnerDB.a in Frameworks */,
			);
			runOnlyForDeploymentPostprocessing = 0;
		};
/* End PBXFrameworksBuildPhase section */

/* Begin PBXGroup section */
		5415115A19C9ADDB005A6B46 = {
			isa = PBXGroup;
			children = (
				5415116819C9ADDB005A6B46 /* ForerunnerDB */,
				5415117C19C9ADDB005A6B46 /* ForerunnerDBTests */,
				5415116519C9ADDB005A6B46 /* Frameworks */,
				5415116419C9ADDB005A6B46 /* Products */,
			);
			sourceTree = "<group>";
		};
		5415116419C9ADDB005A6B46 /* Products */ = {
			isa = PBXGroup;
			children = (
				5415116319C9ADDB005A6B46 /* libForerunnerDB.a */,
				5415117319C9ADDB005A6B46 /* ForerunnerDBTests.xctest */,
			);
			name = Products;
			sourceTree = "<group>";
		};
		5415116519C9ADDB005A6B46 /* Frameworks */ = {
			isa = PBXGroup;
			children = (
				5415116619C9ADDB005A6B46 /* Foundation.framework */,
				5415117419C9ADDB005A6B46 /* XCTest.framework */,
				5415117719C9ADDB005A6B46 /* UIKit.framework */,
			);
			name = Frameworks;
			sourceTree = "<group>";
		};
		5415116819C9ADDB005A6B46 /* ForerunnerDB */ = {
			isa = PBXGroup;
			children = (
				5461F2E319C9AE410049D73E /* ForerunnerDB_Collection.h */,
				5461F2E419C9AE410049D73E /* ForerunnerDB_Collection.m */,
				5461F2E519C9AE410049D73E /* ForerunnerDB_Index.h */,
				5461F2E619C9AE410049D73E /* ForerunnerDB_Index.m */,
				5415116B19C9ADDB005A6B46 /* ForerunnerDB.h */,
				5415116D19C9ADDB005A6B46 /* ForerunnerDB.m */,
				5415116919C9ADDB005A6B46 /* Supporting Files */,
			);
			path = ForerunnerDB;
			sourceTree = "<group>";
		};
		5415116919C9ADDB005A6B46 /* Supporting Files */ = {
			isa = PBXGroup;
			children = (
				5461F2E919C9AE570049D73E /* BaseConversion.h */,
				5461F2EA19C9AE570049D73E /* BaseConversion.m */,
				5461F2EB19C9AE570049D73E /* EventEmitter.h */,
				5461F2EC19C9AE570049D73E /* EventEmitter.m */,
				5461F2ED19C9AE570049D73E /* NSObject+NSObject_Type.h */,
				5461F2EE19C9AE570049D73E /* NSObject+NSObject_Type.m */,
				5461F2EF19C9AE570049D73E /* ObjectId.h */,
				5461F2F019C9AE570049D73E /* ObjectId.m */,
				5415116A19C9ADDB005A6B46 /* ForerunnerDB-Prefix.pch */,
			);
			name = "Supporting Files";
			sourceTree = "<group>";
		};
		5415117C19C9ADDB005A6B46 /* ForerunnerDBTests */ = {
			isa = PBXGroup;
			children = (
				5415118219C9ADDB005A6B46 /* ForerunnerDBTests.m */,
				5415117D19C9ADDB005A6B46 /* Supporting Files */,
			);
			path = ForerunnerDBTests;
			sourceTree = "<group>";
		};
		5415117D19C9ADDB005A6B46 /* Supporting Files */ = {
			isa = PBXGroup;
			children = (
				5415117E19C9ADDB005A6B46 /* ForerunnerDBTests-Info.plist */,
				5415117F19C9ADDB005A6B46 /* InfoPlist.strings */,
			);
			name = "Supporting Files";
			sourceTree = "<group>";
		};
/* End PBXGroup section */

/* Begin PBXNativeTarget section */
		5415116219C9ADDB005A6B46 /* ForerunnerDB */ = {
			isa = PBXNativeTarget;
			buildConfigurationList = 5415118619C9ADDB005A6B46 /* Build configuration list for PBXNativeTarget "ForerunnerDB" */;
			buildPhases = (
				5415115F19C9ADDB005A6B46 /* Sources */,
				5415116019C9ADDB005A6B46 /* Frameworks */,
				5415116119C9ADDB005A6B46 /* CopyFiles */,
			);
			buildRules = (
			);
			dependencies = (
			);
			name = ForerunnerDB;
			productName = ForerunnerDB;
			productReference = 5415116319C9ADDB005A6B46 /* libForerunnerDB.a */;
			productType = "com.apple.product-type.library.static";
		};
		5415117219C9ADDB005A6B46 /* ForerunnerDBTests */ = {
			isa = PBXNativeTarget;
			buildConfigurationList = 5415118919C9ADDB005A6B46 /* Build configuration list for PBXNativeTarget "ForerunnerDBTests" */;
			buildPhases = (
				5415116F19C9ADDB005A6B46 /* Sources */,
				5415117019C9ADDB005A6B46 /* Frameworks */,
				5415117119C9ADDB005A6B46 /* Resources */,
			);
			buildRules = (
			);
			dependencies = (
				5415117A19C9ADDB005A6B46 /* PBXTargetDependency */,
			);
			name = ForerunnerDBTests;
			productName = ForerunnerDBTests;
			productReference = 5415117319C9ADDB005A6B46 /* ForerunnerDBTests.xctest */;
			productType = "com.apple.product-type.bundle.unit-test";
		};
/* End PBXNativeTarget section */

/* Begin PBXProject section */
		5415115B19C9ADDB005A6B46 /* Project object */ = {
			isa = PBXProject;
			attributes = {
				LastUpgradeCheck = 0510;
				ORGANIZATIONNAME = "Irrelon Software Limited";
			};
			buildConfigurationList = 5415115E19C9ADDB005A6B46 /* Build configuration list for PBXProject "ForerunnerDB" */;
			compatibilityVersion = "Xcode 3.2";
			developmentRegion = English;
			hasScannedForEncodings = 0;
			knownRegions = (
				en,
			);
			mainGroup = 5415115A19C9ADDB005A6B46;
			productRefGroup = 5415116419C9ADDB005A6B46 /* Products */;
			projectDirPath = "";
			projectRoot = "";
			targets = (
				5415116219C9ADDB005A6B46 /* ForerunnerDB */,
				5415117219C9ADDB005A6B46 /* ForerunnerDBTests */,
			);
		};
/* End PBXProject section */

/* Begin PBXResourcesBuildPhase section */
		5415117119C9ADDB005A6B46 /* Resources */ = {
			isa = PBXResourcesBuildPhase;
			buildActionMask = 2147483647;
			files = (
				5415118119C9ADDB005A6B46 /* InfoPlist.strings in Resources */,
			);
			runOnlyForDeploymentPostprocessing = 0;
		};
/* End PBXResourcesBuildPhase section */

/* Begin PBXSourcesBuildPhase section */
		5415115F19C9ADDB005A6B46 /* Sources */ = {
			isa = PBXSourcesBuildPhase;
			buildActionMask = 2147483647;
			files = (
				5461F2F419C9AE570049D73E /* ObjectId.m in Sources */,
				5461F2F119C9AE570049D73E /* BaseConversion.m in Sources */,
				5461F2E819C9AE410049D73E /* ForerunnerDB_Index.m in Sources */,
				5415116E19C9ADDB005A6B46 /* ForerunnerDB.m in Sources */,
				5461F2E719C9AE410049D73E /* ForerunnerDB_Collection.m in Sources */,
				5461F2F219C9AE570049D73E /* EventEmitter.m in Sources */,
				5461F2F319C9AE570049D73E /* NSObject+NSObject_Type.m in Sources */,
			);
			runOnlyForDeploymentPostprocessing = 0;
		};
		5415116F19C9ADDB005A6B46 /* Sources */ = {
			isa = PBXSourcesBuildPhase;
			buildActionMask = 2147483647;
			files = (
				5415118319C9ADDB005A6B46 /* ForerunnerDBTests.m in Sources */,
			);
			runOnlyForDeploymentPostprocessing = 0;
		};
/* End PBXSourcesBuildPhase section */

/* Begin PBXTargetDependency section */
		5415117A19C9ADDB005A6B46 /* PBXTargetDependency */ = {
			isa = PBXTargetDependency;
			target = 5415116219C9ADDB005A6B46 /* ForerunnerDB */;
			targetProxy = 5415117919C9ADDB005A6B46 /* PBXContainerItemProxy */;
		};
/* End PBXTargetDependency section */

/* Begin PBXVariantGroup section */
		5415117F19C9ADDB005A6B46 /* InfoPlist.strings */ = {
			isa = PBXVariantGroup;
			children = (
				5415118019C9ADDB005A6B46 /* en */,
			);
			name = InfoPlist.strings;
			sourceTree = "<group>";
		};
/* End PBXVariantGroup section */

/* Begin XCBuildConfiguration section */
		5415118419C9ADDB005A6B46 /* Debug */ = {
			isa = XCBuildConfiguration;
			buildSettings = {
				ALWAYS_SEARCH_USER_PATHS = NO;
				CLANG_CXX_LANGUAGE_STANDARD = "gnu++0x";
				CLANG_CXX_LIBRARY = "libc++";
				CLANG_ENABLE_MODULES = YES;
				CLANG_ENABLE_OBJC_ARC = YES;
				CLANG_WARN_BOOL_CONVERSION = YES;
				CLANG_WARN_CONSTANT_CONVERSION = YES;
				CLANG_WARN_DIRECT_OBJC_ISA_USAGE = YES_ERROR;
				CLANG_WARN_EMPTY_BODY = YES;
				CLANG_WARN_ENUM_CONVERSION = YES;
				CLANG_WARN_INT_CONVERSION = YES;
				CLANG_WARN_OBJC_ROOT_CLASS = YES_ERROR;
				CLANG_WARN__DUPLICATE_METHOD_MATCH = YES;
				COPY_PHASE_STRIP = NO;
				GCC_C_LANGUAGE_STANDARD = gnu99;
				GCC_DYNAMIC_NO_PIC = NO;
				GCC_OPTIMIZATION_LEVEL = 0;
				GCC_PREPROCESSOR_DEFINITIONS = (
					"DEBUG=1",
					"$(inherited)",
				);
				GCC_SYMBOLS_PRIVATE_EXTERN = NO;
				GCC_WARN_64_TO_32_BIT_CONVERSION = YES;
				GCC_WARN_ABOUT_RETURN_TYPE = YES_ERROR;
				GCC_WARN_UNDECLARED_SELECTOR = YES;
				GCC_WARN_UNINITIALIZED_AUTOS = YES_AGGRESSIVE;
				GCC_WARN_UNUSED_FUNCTION = YES;
				GCC_WARN_UNUSED_VARIABLE = YES;
				IPHONEOS_DEPLOYMENT_TARGET = 7.1;
				ONLY_ACTIVE_ARCH = YES;
				SDKROOT = iphoneos;
			};
			name = Debug;
		};
		5415118519C9ADDB005A6B46 /* Release */ = {
			isa = XCBuildConfiguration;
			buildSettings = {
				ALWAYS_SEARCH_USER_PATHS = NO;
				CLANG_CXX_LANGUAGE_STANDARD = "gnu++0x";
				CLANG_CXX_LIBRARY = "libc++";
				CLANG_ENABLE_MODULES = YES;
				CLANG_ENABLE_OBJC_ARC = YES;
				CLANG_WARN_BOOL_CONVERSION = YES;
				CLANG_WARN_CONSTANT_CONVERSION = YES;
				CLANG_WARN_DIRECT_OBJC_ISA_USAGE = YES_ERROR;
				CLANG_WARN_EMPTY_BODY = YES;
				CLANG_WARN_ENUM_CONVERSION = YES;
				CLANG_WARN_INT_CONVERSION = YES;
				CLANG_WARN_OBJC_ROOT_CLASS = YES_ERROR;
				CLANG_WARN__DUPLICATE_METHOD_MATCH = YES;
				COPY_PHASE_STRIP = YES;
				ENABLE_NS_ASSERTIONS = NO;
				GCC_C_LANGUAGE_STANDARD = gnu99;
				GCC_WARN_64_TO_32_BIT_CONVERSION = YES;
				GCC_WARN_ABOUT_RETURN_TYPE = YES_ERROR;
				GCC_WARN_UNDECLARED_SELECTOR = YES;
				GCC_WARN_UNINITIALIZED_AUTOS = YES_AGGRESSIVE;
				GCC_WARN_UNUSED_FUNCTION = YES;
				GCC_WARN_UNUSED_VARIABLE = YES;
				IPHONEOS_DEPLOYMENT_TARGET = 7.1;
				SDKROOT = iphoneos;
				VALIDATE_PRODUCT = YES;
			};
			name = Release;
		};
		5415118719C9ADDB005A6B46 /* Debug */ = {
			isa = XCBuildConfiguration;
			buildSettings = {
				DSTROOT = /tmp/ForerunnerDB.dst;
				GCC_PRECOMPILE_PREFIX_HEADER = YES;
				GCC_PREFIX_HEADER = "ForerunnerDB/ForerunnerDB-Prefix.pch";
				OTHER_LDFLAGS = "-ObjC";
				PRODUCT_NAME = "$(TARGET_NAME)";
				SKIP_INSTALL = YES;
			};
			name = Debug;
		};
		5415118819C9ADDB005A6B46 /* Release */ = {
			isa = XCBuildConfiguration;
			buildSettings = {
				DSTROOT = /tmp/ForerunnerDB.dst;
				GCC_PRECOMPILE_PREFIX_HEADER = YES;
				GCC_PREFIX_HEADER = "ForerunnerDB/ForerunnerDB-Prefix.pch";
				OTHER_LDFLAGS = "-ObjC";
				PRODUCT_NAME = "$(TARGET_NAME)";
				SKIP_INSTALL = YES;
			};
			name = Release;
		};
		5415118A19C9ADDB005A6B46 /* Debug */ = {
			isa = XCBuildConfiguration;
			buildSettings = {
				FRAMEWORK_SEARCH_PATHS = (
					"$(SDKROOT)/Developer/Library/Frameworks",
					"$(inherited)",
					"$(DEVELOPER_FRAMEWORKS_DIR)",
				);
				GCC_PRECOMPILE_PREFIX_HEADER = YES;
				GCC_PREFIX_HEADER = "ForerunnerDB/ForerunnerDB-Prefix.pch";
				GCC_PREPROCESSOR_DEFINITIONS = (
					"DEBUG=1",
					"$(inherited)",
				);
				INFOPLIST_FILE = "ForerunnerDBTests/ForerunnerDBTests-Info.plist";
				PRODUCT_NAME = "$(TARGET_NAME)";
				WRAPPER_EXTENSION = xctest;
			};
			name = Debug;
		};
		5415118B19C9ADDB005A6B46 /* Release */ = {
			isa = XCBuildConfiguration;
			buildSettings = {
				FRAMEWORK_SEARCH_PATHS = (
					"$(SDKROOT)/Developer/Library/Frameworks",
					"$(inherited)",
					"$(DEVELOPER_FRAMEWORKS_DIR)",
				);
				GCC_PRECOMPILE_PREFIX_HEADER = YES;
				GCC_PREFIX_HEADER = "ForerunnerDB/ForerunnerDB-Prefix.pch";
				INFOPLIST_FILE = "ForerunnerDBTests/ForerunnerDBTests-Info.plist";
				PRODUCT_NAME = "$(TARGET_NAME)";
				WRAPPER_EXTENSION = xctest;
			};
			name = Release;
		};
/* End XCBuildConfiguration section */

/* Begin XCConfigurationList section */
		5415115E19C9ADDB005A6B46 /* Build configuration list for PBXProject "ForerunnerDB" */ = {
			isa = XCConfigurationList;
			buildConfigurations = (
				5415118419C9ADDB005A6B46 /* Debug */,
				5415118519C9ADDB005A6B46 /* Release */,
			);
			defaultConfigurationIsVisible = 0;
			defaultConfigurationName = Release;
		};
		5415118619C9ADDB005A6B46 /* Build configuration list for PBXNativeTarget "ForerunnerDB" */ = {
			isa = XCConfigurationList;
			buildConfigurations = (
				5415118719C9ADDB005A6B46 /* Debug */,
				5415118819C9ADDB005A6B46 /* Release */,
			);
			defaultConfigurationIsVisible = 0;
			defaultConfigurationName = Release;
		};
		5415118919C9ADDB005A6B46 /* Build configuration list for PBXNativeTarget "ForerunnerDBTests" */ = {
			isa = XCConfigurationList;
			buildConfigurations = (
				5415118A19C9ADDB005A6B46 /* Debug */,
				5415118B19C9ADDB005A6B46 /* Release */,
			);
			defaultConfigurationIsVisible = 0;
			defaultConfigurationName = Release;
		};
/* End XCConfigurationList section */
	};
	rootObject = 5415115B19C9ADDB005A6B46 /* Project object */;
}
